// !$*UTF8*$!
{
	archiveVersion = 1;
	classes = {
	};
	objectVersion = 55;
	objects = {

/* Begin PBXBuildFile section */
		AC313CDB28B887230037DF72 /* AppDelegate.swift in Sources */ = {isa = PBXBuildFile; fileRef = AC313CDA28B887230037DF72 /* AppDelegate.swift */; };
		AC313CDD28B887230037DF72 /* SceneDelegate.swift in Sources */ = {isa = PBXBuildFile; fileRef = AC313CDC28B887230037DF72 /* SceneDelegate.swift */; };
		AC313CE428B887250037DF72 /* Assets.xcassets in Resources */ = {isa = PBXBuildFile; fileRef = AC313CE328B887250037DF72 /* Assets.xcassets */; };
		AC313CE728B887250037DF72 /* LaunchScreen.storyboard in Resources */ = {isa = PBXBuildFile; fileRef = AC313CE528B887250037DF72 /* LaunchScreen.storyboard */; };
		AC313CF228B887250037DF72 /* NASAGalleryAppTests.swift in Sources */ = {isa = PBXBuildFile; fileRef = AC313CF128B887250037DF72 /* NASAGalleryAppTests.swift */; };
		AC313CFC28B887250037DF72 /* NASAGalleryAppUITests.swift in Sources */ = {isa = PBXBuildFile; fileRef = AC313CFB28B887250037DF72 /* NASAGalleryAppUITests.swift */; };
		AC313CFE28B887250037DF72 /* NASAGalleryAppUITestsLaunchTests.swift in Sources */ = {isa = PBXBuildFile; fileRef = AC313CFD28B887250037DF72 /* NASAGalleryAppUITestsLaunchTests.swift */; };
		AC313D0D28B887D60037DF72 /* PhotoListViewController.swift in Sources */ = {isa = PBXBuildFile; fileRef = AC313D0B28B887D60037DF72 /* PhotoListViewController.swift */; };
		AC313D0E28B887D60037DF72 /* PhotoListViewController.xib in Resources */ = {isa = PBXBuildFile; fileRef = AC313D0C28B887D60037DF72 /* PhotoListViewController.xib */; };
		AC313D1228B889F90037DF72 /* PhotoListViewModel.swift in Sources */ = {isa = PBXBuildFile; fileRef = AC313D1128B889F90037DF72 /* PhotoListViewModel.swift */; };
		AC313D1628B88A5D0037DF72 /* JSONContentParser.swift in Sources */ = {isa = PBXBuildFile; fileRef = AC313D1528B88A5D0037DF72 /* JSONContentParser.swift */; };
		AC313D1828B88C2D0037DF72 /* data.json in Resources */ = {isa = PBXBuildFile; fileRef = AC313D1728B88C2D0037DF72 /* data.json */; };
		AC313D1A28B891430037DF72 /* PhotoListTests.swift in Sources */ = {isa = PBXBuildFile; fileRef = AC313D1928B891430037DF72 /* PhotoListTests.swift */; };
		AC313D1D28B891830037DF72 /* Collection+Safe.swift in Sources */ = {isa = PBXBuildFile; fileRef = AC313D1C28B891830037DF72 /* Collection+Safe.swift */; };
		AC313D2028B8919B0037DF72 /* Photo.swift in Sources */ = {isa = PBXBuildFile; fileRef = AC313D1F28B8919B0037DF72 /* Photo.swift */; };
		AC313D2428B893510037DF72 /* DateFormats.swift in Sources */ = {isa = PBXBuildFile; fileRef = AC313D2328B893510037DF72 /* DateFormats.swift */; };
		AC313D2628B894520037DF72 /* EncoderDecoderProvider.swift in Sources */ = {isa = PBXBuildFile; fileRef = AC313D2528B894520037DF72 /* EncoderDecoderProvider.swift */; };
		AC313D2828B894860037DF72 /* DataParsingError.swift in Sources */ = {isa = PBXBuildFile; fileRef = AC313D2728B894860037DF72 /* DataParsingError.swift */; };
		AC5AAC0228BDC5F2006D7A52 /* PhotoListCell.swift in Sources */ = {isa = PBXBuildFile; fileRef = AC5AAC0028BDC5F2006D7A52 /* PhotoListCell.swift */; };
		AC5AAC0328BDC5F2006D7A52 /* PhotoListCell.xib in Resources */ = {isa = PBXBuildFile; fileRef = AC5AAC0128BDC5F2006D7A52 /* PhotoListCell.xib */; };
		AC5AAC0528BDC64F006D7A52 /* PhotoViewModel.swift in Sources */ = {isa = PBXBuildFile; fileRef = AC5AAC0428BDC64F006D7A52 /* PhotoViewModel.swift */; };
		AC5AAC0728BDC6A2006D7A52 /* Reusable.swift in Sources */ = {isa = PBXBuildFile; fileRef = AC5AAC0628BDC6A2006D7A52 /* Reusable.swift */; };
/* End PBXBuildFile section */

/* Begin PBXContainerItemProxy section */
		AC313CEE28B887250037DF72 /* PBXContainerItemProxy */ = {
			isa = PBXContainerItemProxy;
			containerPortal = AC313CCF28B887230037DF72 /* Project object */;
			proxyType = 1;
			remoteGlobalIDString = AC313CD628B887230037DF72;
			remoteInfo = NASAGalleryApp;
		};
		AC313CF828B887250037DF72 /* PBXContainerItemProxy */ = {
			isa = PBXContainerItemProxy;
			containerPortal = AC313CCF28B887230037DF72 /* Project object */;
			proxyType = 1;
			remoteGlobalIDString = AC313CD628B887230037DF72;
			remoteInfo = NASAGalleryApp;
		};
/* End PBXContainerItemProxy section */

/* Begin PBXFileReference section */
		AC313CD728B887230037DF72 /* NASAGalleryApp.app */ = {isa = PBXFileReference; explicitFileType = wrapper.application; includeInIndex = 0; path = NASAGalleryApp.app; sourceTree = BUILT_PRODUCTS_DIR; };
		AC313CDA28B887230037DF72 /* AppDelegate.swift */ = {isa = PBXFileReference; lastKnownFileType = sourcecode.swift; path = AppDelegate.swift; sourceTree = "<group>"; };
		AC313CDC28B887230037DF72 /* SceneDelegate.swift */ = {isa = PBXFileReference; lastKnownFileType = sourcecode.swift; path = SceneDelegate.swift; sourceTree = "<group>"; };
		AC313CE328B887250037DF72 /* Assets.xcassets */ = {isa = PBXFileReference; lastKnownFileType = folder.assetcatalog; path = Assets.xcassets; sourceTree = "<group>"; };
		AC313CE628B887250037DF72 /* Base */ = {isa = PBXFileReference; lastKnownFileType = file.storyboard; name = Base; path = Base.lproj/LaunchScreen.storyboard; sourceTree = "<group>"; };
		AC313CE828B887250037DF72 /* Info.plist */ = {isa = PBXFileReference; lastKnownFileType = text.plist.xml; path = Info.plist; sourceTree = "<group>"; };
		AC313CED28B887250037DF72 /* NASAGalleryAppTests.xctest */ = {isa = PBXFileReference; explicitFileType = wrapper.cfbundle; includeInIndex = 0; path = NASAGalleryAppTests.xctest; sourceTree = BUILT_PRODUCTS_DIR; };
		AC313CF128B887250037DF72 /* NASAGalleryAppTests.swift */ = {isa = PBXFileReference; lastKnownFileType = sourcecode.swift; path = NASAGalleryAppTests.swift; sourceTree = "<group>"; };
		AC313CF728B887250037DF72 /* NASAGalleryAppUITests.xctest */ = {isa = PBXFileReference; explicitFileType = wrapper.cfbundle; includeInIndex = 0; path = NASAGalleryAppUITests.xctest; sourceTree = BUILT_PRODUCTS_DIR; };
		AC313CFB28B887250037DF72 /* NASAGalleryAppUITests.swift */ = {isa = PBXFileReference; lastKnownFileType = sourcecode.swift; path = NASAGalleryAppUITests.swift; sourceTree = "<group>"; };
		AC313CFD28B887250037DF72 /* NASAGalleryAppUITestsLaunchTests.swift */ = {isa = PBXFileReference; lastKnownFileType = sourcecode.swift; path = NASAGalleryAppUITestsLaunchTests.swift; sourceTree = "<group>"; };
		AC313D0B28B887D60037DF72 /* PhotoListViewController.swift */ = {isa = PBXFileReference; lastKnownFileType = sourcecode.swift; path = PhotoListViewController.swift; sourceTree = "<group>"; };
		AC313D0C28B887D60037DF72 /* PhotoListViewController.xib */ = {isa = PBXFileReference; lastKnownFileType = file.xib; path = PhotoListViewController.xib; sourceTree = "<group>"; };
		AC313D1128B889F90037DF72 /* PhotoListViewModel.swift */ = {isa = PBXFileReference; lastKnownFileType = sourcecode.swift; path = PhotoListViewModel.swift; sourceTree = "<group>"; };
		AC313D1528B88A5D0037DF72 /* JSONContentParser.swift */ = {isa = PBXFileReference; lastKnownFileType = sourcecode.swift; path = JSONContentParser.swift; sourceTree = "<group>"; };
		AC313D1728B88C2D0037DF72 /* data.json */ = {isa = PBXFileReference; fileEncoding = 4; lastKnownFileType = text.json; path = data.json; sourceTree = "<group>"; };
		AC313D1928B891430037DF72 /* PhotoListTests.swift */ = {isa = PBXFileReference; lastKnownFileType = sourcecode.swift; path = PhotoListTests.swift; sourceTree = "<group>"; };
		AC313D1C28B891830037DF72 /* Collection+Safe.swift */ = {isa = PBXFileReference; lastKnownFileType = sourcecode.swift; path = "Collection+Safe.swift"; sourceTree = "<group>"; };
		AC313D1F28B8919B0037DF72 /* Photo.swift */ = {isa = PBXFileReference; lastKnownFileType = sourcecode.swift; path = Photo.swift; sourceTree = "<group>"; };
		AC313D2328B893510037DF72 /* DateFormats.swift */ = {isa = PBXFileReference; lastKnownFileType = sourcecode.swift; path = DateFormats.swift; sourceTree = "<group>"; };
		AC313D2528B894520037DF72 /* EncoderDecoderProvider.swift */ = {isa = PBXFileReference; lastKnownFileType = sourcecode.swift; path = EncoderDecoderProvider.swift; sourceTree = "<group>"; };
		AC313D2728B894860037DF72 /* DataParsingError.swift */ = {isa = PBXFileReference; lastKnownFileType = sourcecode.swift; path = DataParsingError.swift; sourceTree = "<group>"; };
		AC5AAC0028BDC5F2006D7A52 /* PhotoListCell.swift */ = {isa = PBXFileReference; lastKnownFileType = sourcecode.swift; path = PhotoListCell.swift; sourceTree = "<group>"; };
		AC5AAC0128BDC5F2006D7A52 /* PhotoListCell.xib */ = {isa = PBXFileReference; lastKnownFileType = file.xib; path = PhotoListCell.xib; sourceTree = "<group>"; };
		AC5AAC0428BDC64F006D7A52 /* PhotoViewModel.swift */ = {isa = PBXFileReference; lastKnownFileType = sourcecode.swift; path = PhotoViewModel.swift; sourceTree = "<group>"; };
		AC5AAC0628BDC6A2006D7A52 /* Reusable.swift */ = {isa = PBXFileReference; lastKnownFileType = sourcecode.swift; path = Reusable.swift; sourceTree = "<group>"; };
/* End PBXFileReference section */

/* Begin PBXFrameworksBuildPhase section */
		AC313CD428B887230037DF72 /* Frameworks */ = {
			isa = PBXFrameworksBuildPhase;
			buildActionMask = 2147483647;
			files = (
			);
			runOnlyForDeploymentPostprocessing = 0;
		};
		AC313CEA28B887250037DF72 /* Frameworks */ = {
			isa = PBXFrameworksBuildPhase;
			buildActionMask = 2147483647;
			files = (
			);
			runOnlyForDeploymentPostprocessing = 0;
		};
		AC313CF428B887250037DF72 /* Frameworks */ = {
			isa = PBXFrameworksBuildPhase;
			buildActionMask = 2147483647;
			files = (
			);
			runOnlyForDeploymentPostprocessing = 0;
		};
/* End PBXFrameworksBuildPhase section */

/* Begin PBXGroup section */
		AC313CCE28B887230037DF72 = {
			isa = PBXGroup;
			children = (
				AC313CD928B887230037DF72 /* NASAGalleryApp */,
				AC313CF028B887250037DF72 /* NASAGalleryAppTests */,
				AC313CFA28B887250037DF72 /* NASAGalleryAppUITests */,
				AC313CD828B887230037DF72 /* Products */,
			);
			sourceTree = "<group>";
		};
		AC313CD828B887230037DF72 /* Products */ = {
			isa = PBXGroup;
			children = (
				AC313CD728B887230037DF72 /* NASAGalleryApp.app */,
				AC313CED28B887250037DF72 /* NASAGalleryAppTests.xctest */,
				AC313CF728B887250037DF72 /* NASAGalleryAppUITests.xctest */,
			);
			name = Products;
			sourceTree = "<group>";
		};
		AC313CD928B887230037DF72 /* NASAGalleryApp */ = {
			isa = PBXGroup;
			children = (
				AC313CDA28B887230037DF72 /* AppDelegate.swift */,
				AC313CDC28B887230037DF72 /* SceneDelegate.swift */,
				AC313D1E28B891920037DF72 /* Models */,
				AC313D1328B88A450037DF72 /* Core */,
				AC313D0F28B887DC0037DF72 /* ViewControllers */,
				AC313D0A28B887950037DF72 /* Resources */,
			);
			path = NASAGalleryApp;
			sourceTree = "<group>";
		};
		AC313CF028B887250037DF72 /* NASAGalleryAppTests */ = {
			isa = PBXGroup;
			children = (
				AC313CF128B887250037DF72 /* NASAGalleryAppTests.swift */,
				AC313D1928B891430037DF72 /* PhotoListTests.swift */,
			);
			path = NASAGalleryAppTests;
			sourceTree = "<group>";
		};
		AC313CFA28B887250037DF72 /* NASAGalleryAppUITests */ = {
			isa = PBXGroup;
			children = (
				AC313CFB28B887250037DF72 /* NASAGalleryAppUITests.swift */,
				AC313CFD28B887250037DF72 /* NASAGalleryAppUITestsLaunchTests.swift */,
			);
			path = NASAGalleryAppUITests;
			sourceTree = "<group>";
		};
		AC313D0A28B887950037DF72 /* Resources */ = {
			isa = PBXGroup;
			children = (
				AC313D1728B88C2D0037DF72 /* data.json */,
				AC313CE528B887250037DF72 /* LaunchScreen.storyboard */,
				AC313CE328B887250037DF72 /* Assets.xcassets */,
				AC313CE828B887250037DF72 /* Info.plist */,
			);
			path = Resources;
			sourceTree = "<group>";
		};
		AC313D0F28B887DC0037DF72 /* ViewControllers */ = {
			isa = PBXGroup;
			children = (
				AC313D1028B887E40037DF72 /* PhotoList */,
			);
			path = ViewControllers;
			sourceTree = "<group>";
		};
		AC313D1028B887E40037DF72 /* PhotoList */ = {
			isa = PBXGroup;
			children = (
				AC5AABFD28BDC5BE006D7A52 /* PhotoListCell */,
				AC313D1128B889F90037DF72 /* PhotoListViewModel.swift */,
				AC313D0B28B887D60037DF72 /* PhotoListViewController.swift */,
				AC313D0C28B887D60037DF72 /* PhotoListViewController.xib */,
			);
			path = PhotoList;
			sourceTree = "<group>";
		};
		AC313D1328B88A450037DF72 /* Core */ = {
			isa = PBXGroup;
			children = (
				AC313D2228B893480037DF72 /* Constants */,
				AC313D1B28B891760037DF72 /* Extensions */,
				AC313D1428B88A4D0037DF72 /* Protocols */,
			);
			path = Core;
			sourceTree = "<group>";
		};
		AC313D1428B88A4D0037DF72 /* Protocols */ = {
			isa = PBXGroup;
			children = (
				AC313D2528B894520037DF72 /* EncoderDecoderProvider.swift */,
				AC313D1528B88A5D0037DF72 /* JSONContentParser.swift */,
				AC5AAC0628BDC6A2006D7A52 /* Reusable.swift */,
			);
			path = Protocols;
			sourceTree = "<group>";
		};
		AC313D1B28B891760037DF72 /* Extensions */ = {
			isa = PBXGroup;
			children = (
				AC313D1C28B891830037DF72 /* Collection+Safe.swift */,
			);
			path = Extensions;
			sourceTree = "<group>";
		};
		AC313D1E28B891920037DF72 /* Models */ = {
			isa = PBXGroup;
			children = (
				AC313D1F28B8919B0037DF72 /* Photo.swift */,
				AC313D2728B894860037DF72 /* DataParsingError.swift */,
			);
			path = Models;
			sourceTree = "<group>";
		};
		AC313D2228B893480037DF72 /* Constants */ = {
			isa = PBXGroup;
			children = (
				AC313D2328B893510037DF72 /* DateFormats.swift */,
			);
			path = Constants;
			sourceTree = "<group>";
		};
		AC5AABFD28BDC5BE006D7A52 /* PhotoListCell */ = {
			isa = PBXGroup;
			children = (
				AC5AAC0028BDC5F2006D7A52 /* PhotoListCell.swift */,
				AC5AAC0128BDC5F2006D7A52 /* PhotoListCell.xib */,
				AC5AAC0428BDC64F006D7A52 /* PhotoViewModel.swift */,
			);
			path = PhotoListCell;
			sourceTree = "<group>";
		};
/* End PBXGroup section */

/* Begin PBXNativeTarget section */
		AC313CD628B887230037DF72 /* NASAGalleryApp */ = {
			isa = PBXNativeTarget;
			buildConfigurationList = AC313D0128B887250037DF72 /* Build configuration list for PBXNativeTarget "NASAGalleryApp" */;
			buildPhases = (
				AC313CD328B887230037DF72 /* Sources */,
				AC313CD428B887230037DF72 /* Frameworks */,
				AC313CD528B887230037DF72 /* Resources */,
			);
			buildRules = (
			);
			dependencies = (
			);
			name = NASAGalleryApp;
			productName = NASAGalleryApp;
			productReference = AC313CD728B887230037DF72 /* NASAGalleryApp.app */;
			productType = "com.apple.product-type.application";
		};
		AC313CEC28B887250037DF72 /* NASAGalleryAppTests */ = {
			isa = PBXNativeTarget;
			buildConfigurationList = AC313D0428B887250037DF72 /* Build configuration list for PBXNativeTarget "NASAGalleryAppTests" */;
			buildPhases = (
				AC313CE928B887250037DF72 /* Sources */,
				AC313CEA28B887250037DF72 /* Frameworks */,
				AC313CEB28B887250037DF72 /* Resources */,
			);
			buildRules = (
			);
			dependencies = (
				AC313CEF28B887250037DF72 /* PBXTargetDependency */,
			);
			name = NASAGalleryAppTests;
			productName = NASAGalleryAppTests;
			productReference = AC313CED28B887250037DF72 /* NASAGalleryAppTests.xctest */;
			productType = "com.apple.product-type.bundle.unit-test";
		};
		AC313CF628B887250037DF72 /* NASAGalleryAppUITests */ = {
			isa = PBXNativeTarget;
			buildConfigurationList = AC313D0728B887250037DF72 /* Build configuration list for PBXNativeTarget "NASAGalleryAppUITests" */;
			buildPhases = (
				AC313CF328B887250037DF72 /* Sources */,
				AC313CF428B887250037DF72 /* Frameworks */,
				AC313CF528B887250037DF72 /* Resources */,
			);
			buildRules = (
			);
			dependencies = (
				AC313CF928B887250037DF72 /* PBXTargetDependency */,
			);
			name = NASAGalleryAppUITests;
			productName = NASAGalleryAppUITests;
			productReference = AC313CF728B887250037DF72 /* NASAGalleryAppUITests.xctest */;
			productType = "com.apple.product-type.bundle.ui-testing";
		};
/* End PBXNativeTarget section */

/* Begin PBXProject section */
		AC313CCF28B887230037DF72 /* Project object */ = {
			isa = PBXProject;
			attributes = {
				BuildIndependentTargetsInParallel = 1;
				LastSwiftUpdateCheck = 1340;
				LastUpgradeCheck = 1340;
				TargetAttributes = {
					AC313CD628B887230037DF72 = {
						CreatedOnToolsVersion = 13.4.1;
					};
					AC313CEC28B887250037DF72 = {
						CreatedOnToolsVersion = 13.4.1;
						TestTargetID = AC313CD628B887230037DF72;
					};
					AC313CF628B887250037DF72 = {
						CreatedOnToolsVersion = 13.4.1;
						TestTargetID = AC313CD628B887230037DF72;
					};
				};
			};
			buildConfigurationList = AC313CD228B887230037DF72 /* Build configuration list for PBXProject "NASAGalleryApp" */;
			compatibilityVersion = "Xcode 13.0";
			developmentRegion = en;
			hasScannedForEncodings = 0;
			knownRegions = (
				en,
				Base,
			);
			mainGroup = AC313CCE28B887230037DF72;
			productRefGroup = AC313CD828B887230037DF72 /* Products */;
			projectDirPath = "";
			projectRoot = "";
			targets = (
				AC313CD628B887230037DF72 /* NASAGalleryApp */,
				AC313CEC28B887250037DF72 /* NASAGalleryAppTests */,
				AC313CF628B887250037DF72 /* NASAGalleryAppUITests */,
			);
		};
/* End PBXProject section */

/* Begin PBXResourcesBuildPhase section */
		AC313CD528B887230037DF72 /* Resources */ = {
			isa = PBXResourcesBuildPhase;
			buildActionMask = 2147483647;
			files = (
				AC313CE728B887250037DF72 /* LaunchScreen.storyboard in Resources */,
				AC5AAC0328BDC5F2006D7A52 /* PhotoListCell.xib in Resources */,
				AC313D0E28B887D60037DF72 /* PhotoListViewController.xib in Resources */,
				AC313CE428B887250037DF72 /* Assets.xcassets in Resources */,
				AC313D1828B88C2D0037DF72 /* data.json in Resources */,
			);
			runOnlyForDeploymentPostprocessing = 0;
		};
		AC313CEB28B887250037DF72 /* Resources */ = {
			isa = PBXResourcesBuildPhase;
			buildActionMask = 2147483647;
			files = (
			);
			runOnlyForDeploymentPostprocessing = 0;
		};
		AC313CF528B887250037DF72 /* Resources */ = {
			isa = PBXResourcesBuildPhase;
			buildActionMask = 2147483647;
			files = (
			);
			runOnlyForDeploymentPostprocessing = 0;
		};
/* End PBXResourcesBuildPhase section */

/* Begin PBXSourcesBuildPhase section */
		AC313CD328B887230037DF72 /* Sources */ = {
			isa = PBXSourcesBuildPhase;
			buildActionMask = 2147483647;
			files = (
				AC313D2028B8919B0037DF72 /* Photo.swift in Sources */,
				AC5AAC0528BDC64F006D7A52 /* PhotoViewModel.swift in Sources */,
				AC313D1D28B891830037DF72 /* Collection+Safe.swift in Sources */,
				AC313D2628B894520037DF72 /* EncoderDecoderProvider.swift in Sources */,
				AC313CDB28B887230037DF72 /* AppDelegate.swift in Sources */,
				AC313D1228B889F90037DF72 /* PhotoListViewModel.swift in Sources */,
				AC5AAC0728BDC6A2006D7A52 /* Reusable.swift in Sources */,
				AC313CDD28B887230037DF72 /* SceneDelegate.swift in Sources */,
				AC313D0D28B887D60037DF72 /* PhotoListViewController.swift in Sources */,
				AC313D2828B894860037DF72 /* DataParsingError.swift in Sources */,
				AC313D2428B893510037DF72 /* DateFormats.swift in Sources */,
				AC313D1628B88A5D0037DF72 /* JSONContentParser.swift in Sources */,
				AC5AAC0228BDC5F2006D7A52 /* PhotoListCell.swift in Sources */,
			);
			runOnlyForDeploymentPostprocessing = 0;
		};
		AC313CE928B887250037DF72 /* Sources */ = {
			isa = PBXSourcesBuildPhase;
			buildActionMask = 2147483647;
			files = (
				AC313D1A28B891430037DF72 /* PhotoListTests.swift in Sources */,
				AC313CF228B887250037DF72 /* NASAGalleryAppTests.swift in Sources */,
			);
			runOnlyForDeploymentPostprocessing = 0;
		};
		AC313CF328B887250037DF72 /* Sources */ = {
			isa = PBXSourcesBuildPhase;
			buildActionMask = 2147483647;
			files = (
				AC313CFE28B887250037DF72 /* NASAGalleryAppUITestsLaunchTests.swift in Sources */,
				AC313CFC28B887250037DF72 /* NASAGalleryAppUITests.swift in Sources */,
			);
			runOnlyForDeploymentPostprocessing = 0;
		};
/* End PBXSourcesBuildPhase section */

/* Begin PBXTargetDependency section */
		AC313CEF28B887250037DF72 /* PBXTargetDependency */ = {
			isa = PBXTargetDependency;
			target = AC313CD628B887230037DF72 /* NASAGalleryApp */;
			targetProxy = AC313CEE28B887250037DF72 /* PBXContainerItemProxy */;
		};
		AC313CF928B887250037DF72 /* PBXTargetDependency */ = {
			isa = PBXTargetDependency;
			target = AC313CD628B887230037DF72 /* NASAGalleryApp */;
			targetProxy = AC313CF828B887250037DF72 /* PBXContainerItemProxy */;
		};
/* End PBXTargetDependency section */

/* Begin PBXVariantGroup section */
		AC313CE528B887250037DF72 /* LaunchScreen.storyboard */ = {
			isa = PBXVariantGroup;
			children = (
				AC313CE628B887250037DF72 /* Base */,
			);
			name = LaunchScreen.storyboard;
			sourceTree = "<group>";
		};
/* End PBXVariantGroup section */

/* Begin XCBuildConfiguration section */
		AC313CFF28B887250037DF72 /* Debug */ = {
			isa = XCBuildConfiguration;
			buildSettings = {
				ALWAYS_SEARCH_USER_PATHS = NO;
				CLANG_ANALYZER_NONNULL = YES;
				CLANG_ANALYZER_NUMBER_OBJECT_CONVERSION = YES_AGGRESSIVE;
				CLANG_CXX_LANGUAGE_STANDARD = "gnu++17";
				CLANG_ENABLE_MODULES = YES;
				CLANG_ENABLE_OBJC_ARC = YES;
				CLANG_ENABLE_OBJC_WEAK = YES;
				CLANG_WARN_BLOCK_CAPTURE_AUTORELEASING = YES;
				CLANG_WARN_BOOL_CONVERSION = YES;
				CLANG_WARN_COMMA = YES;
				CLANG_WARN_CONSTANT_CONVERSION = YES;
				CLANG_WARN_DEPRECATED_OBJC_IMPLEMENTATIONS = YES;
				CLANG_WARN_DIRECT_OBJC_ISA_USAGE = YES_ERROR;
				CLANG_WARN_DOCUMENTATION_COMMENTS = YES;
				CLANG_WARN_EMPTY_BODY = YES;
				CLANG_WARN_ENUM_CONVERSION = YES;
				CLANG_WARN_INFINITE_RECURSION = YES;
				CLANG_WARN_INT_CONVERSION = YES;
				CLANG_WARN_NON_LITERAL_NULL_CONVERSION = YES;
				CLANG_WARN_OBJC_IMPLICIT_RETAIN_SELF = YES;
				CLANG_WARN_OBJC_LITERAL_CONVERSION = YES;
				CLANG_WARN_OBJC_ROOT_CLASS = YES_ERROR;
				CLANG_WARN_QUOTED_INCLUDE_IN_FRAMEWORK_HEADER = YES;
				CLANG_WARN_RANGE_LOOP_ANALYSIS = YES;
				CLANG_WARN_STRICT_PROTOTYPES = YES;
				CLANG_WARN_SUSPICIOUS_MOVE = YES;
				CLANG_WARN_UNGUARDED_AVAILABILITY = YES_AGGRESSIVE;
				CLANG_WARN_UNREACHABLE_CODE = YES;
				CLANG_WARN__DUPLICATE_METHOD_MATCH = YES;
				COPY_PHASE_STRIP = NO;
				DEBUG_INFORMATION_FORMAT = dwarf;
				ENABLE_STRICT_OBJC_MSGSEND = YES;
				ENABLE_TESTABILITY = YES;
				GCC_C_LANGUAGE_STANDARD = gnu11;
				GCC_DYNAMIC_NO_PIC = NO;
				GCC_NO_COMMON_BLOCKS = YES;
				GCC_OPTIMIZATION_LEVEL = 0;
				GCC_PREPROCESSOR_DEFINITIONS = (
					"DEBUG=1",
					"$(inherited)",
				);
				GCC_WARN_64_TO_32_BIT_CONVERSION = YES;
				GCC_WARN_ABOUT_RETURN_TYPE = YES_ERROR;
				GCC_WARN_UNDECLARED_SELECTOR = YES;
				GCC_WARN_UNINITIALIZED_AUTOS = YES_AGGRESSIVE;
				GCC_WARN_UNUSED_FUNCTION = YES;
				GCC_WARN_UNUSED_VARIABLE = YES;
				IPHONEOS_DEPLOYMENT_TARGET = 15.5;
				MTL_ENABLE_DEBUG_INFO = INCLUDE_SOURCE;
				MTL_FAST_MATH = YES;
				ONLY_ACTIVE_ARCH = YES;
				SDKROOT = iphoneos;
				SWIFT_ACTIVE_COMPILATION_CONDITIONS = DEBUG;
				SWIFT_OPTIMIZATION_LEVEL = "-Onone";
			};
			name = Debug;
		};
		AC313D0028B887250037DF72 /* Release */ = {
			isa = XCBuildConfiguration;
			buildSettings = {
				ALWAYS_SEARCH_USER_PATHS = NO;
				CLANG_ANALYZER_NONNULL = YES;
				CLANG_ANALYZER_NUMBER_OBJECT_CONVERSION = YES_AGGRESSIVE;
				CLANG_CXX_LANGUAGE_STANDARD = "gnu++17";
				CLANG_ENABLE_MODULES = YES;
				CLANG_ENABLE_OBJC_ARC = YES;
				CLANG_ENABLE_OBJC_WEAK = YES;
				CLANG_WARN_BLOCK_CAPTURE_AUTORELEASING = YES;
				CLANG_WARN_BOOL_CONVERSION = YES;
				CLANG_WARN_COMMA = YES;
				CLANG_WARN_CONSTANT_CONVERSION = YES;
				CLANG_WARN_DEPRECATED_OBJC_IMPLEMENTATIONS = YES;
				CLANG_WARN_DIRECT_OBJC_ISA_USAGE = YES_ERROR;
				CLANG_WARN_DOCUMENTATION_COMMENTS = YES;
				CLANG_WARN_EMPTY_BODY = YES;
				CLANG_WARN_ENUM_CONVERSION = YES;
				CLANG_WARN_INFINITE_RECURSION = YES;
				CLANG_WARN_INT_CONVERSION = YES;
				CLANG_WARN_NON_LITERAL_NULL_CONVERSION = YES;
				CLANG_WARN_OBJC_IMPLICIT_RETAIN_SELF = YES;
				CLANG_WARN_OBJC_LITERAL_CONVERSION = YES;
				CLANG_WARN_OBJC_ROOT_CLASS = YES_ERROR;
				CLANG_WARN_QUOTED_INCLUDE_IN_FRAMEWORK_HEADER = YES;
				CLANG_WARN_RANGE_LOOP_ANALYSIS = YES;
				CLANG_WARN_STRICT_PROTOTYPES = YES;
				CLANG_WARN_SUSPICIOUS_MOVE = YES;
				CLANG_WARN_UNGUARDED_AVAILABILITY = YES_AGGRESSIVE;
				CLANG_WARN_UNREACHABLE_CODE = YES;
				CLANG_WARN__DUPLICATE_METHOD_MATCH = YES;
				COPY_PHASE_STRIP = NO;
				DEBUG_INFORMATION_FORMAT = "dwarf-with-dsym";
				ENABLE_NS_ASSERTIONS = NO;
				ENABLE_STRICT_OBJC_MSGSEND = YES;
				GCC_C_LANGUAGE_STANDARD = gnu11;
				GCC_NO_COMMON_BLOCKS = YES;
				GCC_WARN_64_TO_32_BIT_CONVERSION = YES;
				GCC_WARN_ABOUT_RETURN_TYPE = YES_ERROR;
				GCC_WARN_UNDECLARED_SELECTOR = YES;
				GCC_WARN_UNINITIALIZED_AUTOS = YES_AGGRESSIVE;
				GCC_WARN_UNUSED_FUNCTION = YES;
				GCC_WARN_UNUSED_VARIABLE = YES;
				IPHONEOS_DEPLOYMENT_TARGET = 15.5;
				MTL_ENABLE_DEBUG_INFO = NO;
				MTL_FAST_MATH = YES;
				SDKROOT = iphoneos;
				SWIFT_COMPILATION_MODE = wholemodule;
				SWIFT_OPTIMIZATION_LEVEL = "-O";
				VALIDATE_PRODUCT = YES;
			};
			name = Release;
		};
		AC313D0228B887250037DF72 /* Debug */ = {
			isa = XCBuildConfiguration;
			buildSettings = {
				ASSETCATALOG_COMPILER_APPICON_NAME = AppIcon;
				ASSETCATALOG_COMPILER_GLOBAL_ACCENT_COLOR_NAME = AccentColor;
				CODE_SIGN_STYLE = Automatic;
				CURRENT_PROJECT_VERSION = 1;
				GENERATE_INFOPLIST_FILE = YES;
				INFOPLIST_FILE = NASAGalleryApp/Resources/Info.plist;
				INFOPLIST_KEY_UIApplicationSupportsIndirectInputEvents = YES;
				INFOPLIST_KEY_UILaunchStoryboardName = LaunchScreen;
				INFOPLIST_KEY_UISupportedInterfaceOrientations = UIInterfaceOrientationPortrait;
				INFOPLIST_KEY_UISupportedInterfaceOrientations_iPad = "UIInterfaceOrientationPortrait UIInterfaceOrientationPortraitUpsideDown UIInterfaceOrientationLandscapeLeft UIInterfaceOrientationLandscapeRight";
				INFOPLIST_KEY_UISupportedInterfaceOrientations_iPhone = "UIInterfaceOrientationPortrait UIInterfaceOrientationLandscapeLeft UIInterfaceOrientationLandscapeRight";
				LD_RUNPATH_SEARCH_PATHS = (
					"$(inherited)",
					"@executable_path/Frameworks",
				);
				MARKETING_VERSION = 1.0;
				PRODUCT_BUNDLE_IDENTIFIER = com.example.nasa.galleryapp.NASAGalleryApp;
				PRODUCT_NAME = "$(TARGET_NAME)";
				SWIFT_EMIT_LOC_STRINGS = YES;
				SWIFT_VERSION = 5.0;
				TARGETED_DEVICE_FAMILY = "1,2";
			};
			name = Debug;
		};
		AC313D0328B887250037DF72 /* Release */ = {
			isa = XCBuildConfiguration;
			buildSettings = {
				ASSETCATALOG_COMPILER_APPICON_NAME = AppIcon;
				ASSETCATALOG_COMPILER_GLOBAL_ACCENT_COLOR_NAME = AccentColor;
				CODE_SIGN_STYLE = Automatic;
				CURRENT_PROJECT_VERSION = 1;
				GENERATE_INFOPLIST_FILE = YES;
				INFOPLIST_FILE = NASAGalleryApp/Resources/Info.plist;
				INFOPLIST_KEY_UIApplicationSupportsIndirectInputEvents = YES;
				INFOPLIST_KEY_UILaunchStoryboardName = LaunchScreen;
				INFOPLIST_KEY_UISupportedInterfaceOrientations = UIInterfaceOrientationPortrait;
				INFOPLIST_KEY_UISupportedInterfaceOrientations_iPad = "UIInterfaceOrientationPortrait UIInterfaceOrientationPortraitUpsideDown UIInterfaceOrientationLandscapeLeft UIInterfaceOrientationLandscapeRight";
				INFOPLIST_KEY_UISupportedInterfaceOrientations_iPhone = "UIInterfaceOrientationPortrait UIInterfaceOrientationLandscapeLeft UIInterfaceOrientationLandscapeRight";
				LD_RUNPATH_SEARCH_PATHS = (
					"$(inherited)",
					"@executable_path/Frameworks",
				);
				MARKETING_VERSION = 1.0;
				PRODUCT_BUNDLE_IDENTIFIER = com.example.nasa.galleryapp.NASAGalleryApp;
				PRODUCT_NAME = "$(TARGET_NAME)";
				SWIFT_EMIT_LOC_STRINGS = YES;
				SWIFT_VERSION = 5.0;
				TARGETED_DEVICE_FAMILY = "1,2";
			};
			name = Release;
		};
		AC313D0528B887250037DF72 /* Debug */ = {
			isa = XCBuildConfiguration;
			buildSettings = {
				ALWAYS_EMBED_SWIFT_STANDARD_LIBRARIES = YES;
				BUNDLE_LOADER = "$(TEST_HOST)";
				CODE_SIGN_STYLE = Automatic;
				CURRENT_PROJECT_VERSION = 1;
				GENERATE_INFOPLIST_FILE = YES;
				IPHONEOS_DEPLOYMENT_TARGET = 15.5;
				MARKETING_VERSION = 1.0;
				PRODUCT_BUNDLE_IDENTIFIER = com.example.nasa.galleryapp.NASAGalleryAppTests;
				PRODUCT_NAME = "$(TARGET_NAME)";
				SWIFT_EMIT_LOC_STRINGS = NO;
				SWIFT_VERSION = 5.0;
				TARGETED_DEVICE_FAMILY = "1,2";
				TEST_HOST = "$(BUILT_PRODUCTS_DIR)/NASAGalleryApp.app/NASAGalleryApp";
			};
			name = Debug;
		};
		AC313D0628B887250037DF72 /* Release */ = {
			isa = XCBuildConfiguration;
			buildSettings = {
				ALWAYS_EMBED_SWIFT_STANDARD_LIBRARIES = YES;
				BUNDLE_LOADER = "$(TEST_HOST)";
				CODE_SIGN_STYLE = Automatic;
				CURRENT_PROJECT_VERSION = 1;
				GENERATE_INFOPLIST_FILE = YES;
				IPHONEOS_DEPLOYMENT_TARGET = 15.5;
				MARKETING_VERSION = 1.0;
				PRODUCT_BUNDLE_IDENTIFIER = com.example.nasa.galleryapp.NASAGalleryAppTests;
				PRODUCT_NAME = "$(TARGET_NAME)";
				SWIFT_EMIT_LOC_STRINGS = NO;
				SWIFT_VERSION = 5.0;
				TARGETED_DEVICE_FAMILY = "1,2";
				TEST_HOST = "$(BUILT_PRODUCTS_DIR)/NASAGalleryApp.app/NASAGalleryApp";
			};
			name = Release;
		};
		AC313D0828B887250037DF72 /* Debug */ = {
			isa = XCBuildConfiguration;
			buildSettings = {
				ALWAYS_EMBED_SWIFT_STANDARD_LIBRARIES = YES;
				CODE_SIGN_STYLE = Automatic;
				CURRENT_PROJECT_VERSION = 1;
				GENERATE_INFOPLIST_FILE = YES;
				MARKETING_VERSION = 1.0;
				PRODUCT_BUNDLE_IDENTIFIER = com.example.nasa.galleryapp.NASAGalleryAppUITests;
				PRODUCT_NAME = "$(TARGET_NAME)";
				SWIFT_EMIT_LOC_STRINGS = NO;
				SWIFT_VERSION = 5.0;
				TARGETED_DEVICE_FAMILY = "1,2";
				TEST_TARGET_NAME = NASAGalleryApp;
			};
			name = Debug;
		};
		AC313D0928B887250037DF72 /* Release */ = {
			isa = XCBuildConfiguration;
			buildSettings = {
				ALWAYS_EMBED_SWIFT_STANDARD_LIBRARIES = YES;
				CODE_SIGN_STYLE = Automatic;
				CURRENT_PROJECT_VERSION = 1;
				GENERATE_INFOPLIST_FILE = YES;
				MARKETING_VERSION = 1.0;
				PRODUCT_BUNDLE_IDENTIFIER = com.example.nasa.galleryapp.NASAGalleryAppUITests;
				PRODUCT_NAME = "$(TARGET_NAME)";
				SWIFT_EMIT_LOC_STRINGS = NO;
				SWIFT_VERSION = 5.0;
				TARGETED_DEVICE_FAMILY = "1,2";
				TEST_TARGET_NAME = NASAGalleryApp;
			};
			name = Release;
		};
/* End XCBuildConfiguration section */

/* Begin XCConfigurationList section */
		AC313CD228B887230037DF72 /* Build configuration list for PBXProject "NASAGalleryApp" */ = {
			isa = XCConfigurationList;
			buildConfigurations = (
				AC313CFF28B887250037DF72 /* Debug */,
				AC313D0028B887250037DF72 /* Release */,
			);
			defaultConfigurationIsVisible = 0;
			defaultConfigurationName = Release;
		};
		AC313D0128B887250037DF72 /* Build configuration list for PBXNativeTarget "NASAGalleryApp" */ = {
			isa = XCConfigurationList;
			buildConfigurations = (
				AC313D0228B887250037DF72 /* Debug */,
				AC313D0328B887250037DF72 /* Release */,
			);
			defaultConfigurationIsVisible = 0;
			defaultConfigurationName = Release;
		};
		AC313D0428B887250037DF72 /* Build configuration list for PBXNativeTarget "NASAGalleryAppTests" */ = {
			isa = XCConfigurationList;
			buildConfigurations = (
				AC313D0528B887250037DF72 /* Debug */,
				AC313D0628B887250037DF72 /* Release */,
			);
			defaultConfigurationIsVisible = 0;
			defaultConfigurationName = Release;
		};
		AC313D0728B887250037DF72 /* Build configuration list for PBXNativeTarget "NASAGalleryAppUITests" */ = {
			isa = XCConfigurationList;
			buildConfigurations = (
				AC313D0828B887250037DF72 /* Debug */,
				AC313D0928B887250037DF72 /* Release */,
			);
			defaultConfigurationIsVisible = 0;
			defaultConfigurationName = Release;
		};
/* End XCConfigurationList section */
	};
	rootObject = AC313CCF28B887230037DF72 /* Project object */;
}
